<?xml version="1.0" encoding="UTF-8" standalone="yes" ?>
<CodeBlocks_project_file>
	<FileVersion major="1" minor="6" />
	<Project>
		<Option title="D&apos;MOV1E" />
		<Option pch_mode="2" />
		<Option compiler="gcc" />
		<Build>
			<Target title="Debug">
				<Option output="bin/Debug/finalproject" prefix_auto="1" extension_auto="1" />
				<Option object_output="obj/Debug/" />
				<Option type="1" />
				<Option compiler="gcc" />
				<Compiler>
					<Add option="-g" />
					<Add option="`pkg-config --cflags gtk+-3.0`" />
					<Add directory="C:/msys64/mingw64/include" />
				</Compiler>
				<Linker>
					<Add option="`pkg-config --libs gtk+-3.0`" />
					<Add library="ssl" />
					<Add library="crypto" />
				</Linker>
			</Target>
			<Target title="Release">
				<Option output="bin/Release/finalproject" prefix_auto="1" extension_auto="1" />
				<Option object_output="obj/Release/" />
				<Option type="1" />
				<Option compiler="gcc" />
				<Compiler>
					<Add option="-O2" />
				</Compiler>
				<Linker>
					<Add option="-s" />
				</Linker>
			</Target>
		</Build>
		<Compiler>
			<Add option="-Wall" />
			<Add option="`pkg-config --flags gtk+-3.0`" />
			<Add directory="C:/msys64/mingw64/include" />
		</Compiler>
		<Linker>
			<Add option="`pkg-config --libs gtk+-3.0`" />
			<Add library="ssl" />
			<Add library="crypto" />
		</Linker>
		<Unit filename="data/sample_data.txt" />
		<Unit filename="data/studio_chair_data.txt" />
		<Unit filename="data/transaction_history.txt" />
		<Unit filename="data/user_invoice_data.txt" />
		<Unit filename="data/user_pass_data.txt" />
		<Unit filename="data/user_ticket_data.txt" />
		<Unit filename="data/user_transaction.txt" />
		<Unit filename="lib/d_mov1e.c">
			<Option compilerVar="CC" />
		</Unit>
		<Unit filename="lib/d_mov1e.h" />
		<Unit filename="lib/dashboard.c">
			<Option compilerVar="CC" />
		</Unit>
		<Unit filename="lib/dashboard.h" />
		<Unit filename="lib/dashboard_informasi.c">
			<Option compilerVar="CC" />
		</Unit>
		<Unit filename="lib/dashboard_informasi.h" />
		<Unit filename="lib/dashboard_informasi_antrian.c">
			<Option compilerVar="CC" />
		</Unit>
		<Unit filename="lib/dashboard_informasi_antrian.h" />
		<Unit filename="lib/dashboard_informasi_aplikasi.c">
			<Option compilerVar="CC" />
		</Unit>
		<Unit filename="lib/dashboard_informasi_aplikasi.h" />
		<Unit filename="lib/dashboard_informasi_pembeli.c">
			<Option compilerVar="CC" />
		</Unit>
		<Unit filename="lib/dashboard_informasi_pembeli.h" />
		<Unit filename="lib/dashboard_informasi_transaksi.c">
			<Option compilerVar="CC" />
		</Unit>
		<Unit filename="lib/dashboard_informasi_transaksi.h" />
		<Unit filename="lib/dashboard_pembayaran.c">
			<Option compilerVar="CC" />
		</Unit>
		<Unit filename="lib/dashboard_pembayaran.h" />
		<Unit filename="lib/dashboard_pembelian.c">
			<Option compilerVar="CC" />
		</Unit>
		<Unit filename="lib/dashboard_pembelian.h" />
		<Unit filename="lib/dashboard_pemilihan.c">
			<Option compilerVar="CC" />
		</Unit>
		<Unit filename="lib/dashboard_pemilihan.h" />
		<Unit filename="lib/sample_lib.c">
			<Option compilerVar="CC" />
		</Unit>
		<Unit filename="lib/sample_lib.h" />
		<Unit filename="lib/sign_in.c">
			<Option compilerVar="CC" />
		</Unit>
		<Unit filename="lib/sign_in.h" />
		<Unit filename="lib/sign_up.c">
			<Option compilerVar="CC" />
		</Unit>
		<Unit filename="lib/sign_up.h" />
		<Unit filename="main.c">
			<Option compilerVar="CC" />
		</Unit>
		<Unit filename="src/css/d_mov1e.css" />
		<Unit filename="src/css/dashboard.css" />
		<Unit filename="src/css/dashboard_informasi.css" />
		<Unit filename="src/css/dashboard_informasi_antrian.css" />
		<Unit filename="src/css/dashboard_informasi_aplikasi.css" />
		<Unit filename="src/css/dashboard_informasi_pembeli.css" />
		<Unit filename="src/css/dashboard_informasi_transaksi.css" />
		<Unit filename="src/css/dashboard_pembayaran.css" />
		<Unit filename="src/css/dashboard_pembelian.css" />
		<Unit filename="src/css/dashboard_pemilihan.css" />
		<Unit filename="src/css/sample_css.css" />
		<Unit filename="src/css/sign_in.css" />
		<Unit filename="src/css/sign_up.css" />
		<Extensions>
			<lib_finder disable_auto="1" />
		</Extensions>
	</Project>
</CodeBlocks_project_file>
